// !$*UTF8*$!
{
	archiveVersion = 1;
	classes = {
	};
	objectVersion = 77;
	objects = {

/* Begin PBXBuildFile section */
		ED1F0D6E2D45108E00EB3F48 /* SDWebImageSwiftUI in Frameworks */ = {isa = PBXBuildFile; productRef = ED1F0D6D2D45108E00EB3F48 /* SDWebImageSwiftUI */; };
		ED1F0DE22D451D1B00EB3F48 /* SDWebImage in Frameworks */ = {isa = PBXBuildFile; productRef = ED1F0DE12D451D1B00EB3F48 /* SDWebImage */; };
		ED1F0E4E2D451E4000EB3F48 /* ViewInspector in Frameworks */ = {isa = PBXBuildFile; productRef = ED1F0E4D2D451E4000EB3F48 /* ViewInspector */; };
/* End PBXBuildFile section */

/* Begin PBXContainerItemProxy section */
		EDFEC83F2D4269E100031144 /* PBXContainerItemProxy */ = {
			isa = PBXContainerItemProxy;
			containerPortal = EDFEC8212D4269DD00031144 /* Project object */;
			proxyType = 1;
			remoteGlobalIDString = EDFEC8282D4269DD00031144;
			remoteInfo = aroundEgypt;
		};
		EDFEC8492D4269E100031144 /* PBXContainerItemProxy */ = {
			isa = PBXContainerItemProxy;
			containerPortal = EDFEC8212D4269DD00031144 /* Project object */;
			proxyType = 1;
			remoteGlobalIDString = EDFEC8282D4269DD00031144;
			remoteInfo = aroundEgypt;
		};
/* End PBXContainerItemProxy section */

/* Begin PBXFileReference section */
		EDFEC8292D4269DD00031144 /* aroundEgypt.app */ = {isa = PBXFileReference; explicitFileType = wrapper.application; includeInIndex = 0; path = aroundEgypt.app; sourceTree = BUILT_PRODUCTS_DIR; };
		EDFEC83E2D4269E100031144 /* aroundEgyptTests.xctest */ = {isa = PBXFileReference; explicitFileType = wrapper.cfbundle; includeInIndex = 0; path = aroundEgyptTests.xctest; sourceTree = BUILT_PRODUCTS_DIR; };
		EDFEC8482D4269E100031144 /* aroundEgyptUITests.xctest */ = {isa = PBXFileReference; explicitFileType = wrapper.cfbundle; includeInIndex = 0; path = aroundEgyptUITests.xctest; sourceTree = BUILT_PRODUCTS_DIR; };
/* End PBXFileReference section */

/* Begin PBXFileSystemSynchronizedBuildFileExceptionSet section */
		EDB2462A2D4304080064683C /* Exceptions for "aroundEgypt" folder in "aroundEgypt" target */ = {
			isa = PBXFileSystemSynchronizedBuildFileExceptionSet;
			membershipExceptions = (
				Info.plist,
			);
			target = EDFEC8282D4269DD00031144 /* aroundEgypt */;
		};
/* End PBXFileSystemSynchronizedBuildFileExceptionSet section */

/* Begin PBXFileSystemSynchronizedRootGroup section */
		EDFEC82B2D4269DD00031144 /* aroundEgypt */ = {
			isa = PBXFileSystemSynchronizedRootGroup;
			exceptions = (
				EDB2462A2D4304080064683C /* Exceptions for "aroundEgypt" folder in "aroundEgypt" target */,
			);
			path = aroundEgypt;
			sourceTree = "<group>";
		};
		EDFEC8412D4269E100031144 /* aroundEgyptTests */ = {
			isa = PBXFileSystemSynchronizedRootGroup;
			path = aroundEgyptTests;
			sourceTree = "<group>";
		};
		EDFEC84B2D4269E100031144 /* aroundEgyptUITests */ = {
			isa = PBXFileSystemSynchronizedRootGroup;
			path = aroundEgyptUITests;
			sourceTree = "<group>";
		};
/* End PBXFileSystemSynchronizedRootGroup section */

/* Begin PBXFrameworksBuildPhase section */
		EDFEC8262D4269DD00031144 /* Frameworks */ = {
			isa = PBXFrameworksBuildPhase;
			buildActionMask = 2147483647;
			files = (
				ED1F0D6E2D45108E00EB3F48 /* SDWebImageSwiftUI in Frameworks */,
			);
			runOnlyForDeploymentPostprocessing = 0;
		};
		EDFEC83B2D4269E100031144 /* Frameworks */ = {
			isa = PBXFrameworksBuildPhase;
			buildActionMask = 2147483647;
			files = (
				ED1F0E4E2D451E4000EB3F48 /* ViewInspector in Frameworks */,
			);
			runOnlyForDeploymentPostprocessing = 0;
		};
		EDFEC8452D4269E100031144 /* Frameworks */ = {
			isa = PBXFrameworksBuildPhase;
			buildActionMask = 2147483647;
			files = (
				ED1F0DE22D451D1B00EB3F48 /* SDWebImage in Frameworks */,
			);
			runOnlyForDeploymentPostprocessing = 0;
		};
/* End PBXFrameworksBuildPhase section */

/* Begin PBXGroup section */
		ED1F0DE02D451D1B00EB3F48 /* Frameworks */ = {
			isa = PBXGroup;
			children = (
			);
			name = Frameworks;
			sourceTree = "<group>";
		};
		EDFEC8202D4269DD00031144 = {
			isa = PBXGroup;
			children = (
				EDFEC82B2D4269DD00031144 /* aroundEgypt */,
				EDFEC8412D4269E100031144 /* aroundEgyptTests */,
				EDFEC84B2D4269E100031144 /* aroundEgyptUITests */,
				ED1F0DE02D451D1B00EB3F48 /* Frameworks */,
				EDFEC82A2D4269DD00031144 /* Products */,
			);
			sourceTree = "<group>";
		};
		EDFEC82A2D4269DD00031144 /* Products */ = {
			isa = PBXGroup;
			children = (
				EDFEC8292D4269DD00031144 /* aroundEgypt.app */,
				EDFEC83E2D4269E100031144 /* aroundEgyptTests.xctest */,
				EDFEC8482D4269E100031144 /* aroundEgyptUITests.xctest */,
			);
			name = Products;
			sourceTree = "<group>";
		};
/* End PBXGroup section */

/* Begin PBXNativeTarget section */
		EDFEC8282D4269DD00031144 /* aroundEgypt */ = {
			isa = PBXNativeTarget;
			buildConfigurationList = EDFEC8522D4269E100031144 /* Build configuration list for PBXNativeTarget "aroundEgypt" */;
			buildPhases = (
				EDFEC8252D4269DD00031144 /* Sources */,
				EDFEC8262D4269DD00031144 /* Frameworks */,
				EDFEC8272D4269DD00031144 /* Resources */,
			);
			buildRules = (
			);
			dependencies = (
			);
			fileSystemSynchronizedGroups = (
				EDFEC82B2D4269DD00031144 /* aroundEgypt */,
			);
			name = aroundEgypt;
			packageProductDependencies = (
				ED1F0D6D2D45108E00EB3F48 /* SDWebImageSwiftUI */,
			);
			productName = aroundEgypt;
			productReference = EDFEC8292D4269DD00031144 /* aroundEgypt.app */;
			productType = "com.apple.product-type.application";
		};
		EDFEC83D2D4269E100031144 /* aroundEgyptTests */ = {
			isa = PBXNativeTarget;
			buildConfigurationList = EDFEC8552D4269E100031144 /* Build configuration list for PBXNativeTarget "aroundEgyptTests" */;
			buildPhases = (
				EDFEC83A2D4269E100031144 /* Sources */,
				EDFEC83B2D4269E100031144 /* Frameworks */,
				EDFEC83C2D4269E100031144 /* Resources */,
			);
			buildRules = (
			);
			dependencies = (
				EDFEC8402D4269E100031144 /* PBXTargetDependency */,
			);
			fileSystemSynchronizedGroups = (
				EDFEC8412D4269E100031144 /* aroundEgyptTests */,
			);
			name = aroundEgyptTests;
			packageProductDependencies = (
				ED1F0E4D2D451E4000EB3F48 /* ViewInspector */,
			);
			productName = aroundEgyptTests;
			productReference = EDFEC83E2D4269E100031144 /* aroundEgyptTests.xctest */;
			productType = "com.apple.product-type.bundle.unit-test";
		};
		EDFEC8472D4269E100031144 /* aroundEgyptUITests */ = {
			isa = PBXNativeTarget;
			buildConfigurationList = EDFEC8582D4269E100031144 /* Build configuration list for PBXNativeTarget "aroundEgyptUITests" */;
			buildPhases = (
				EDFEC8442D4269E100031144 /* Sources */,
				EDFEC8452D4269E100031144 /* Frameworks */,
				EDFEC8462D4269E100031144 /* Resources */,
			);
			buildRules = (
			);
			dependencies = (
				EDFEC84A2D4269E100031144 /* PBXTargetDependency */,
			);
			fileSystemSynchronizedGroups = (
				EDFEC84B2D4269E100031144 /* aroundEgyptUITests */,
			);
			name = aroundEgyptUITests;
			packageProductDependencies = (
				ED1F0DE12D451D1B00EB3F48 /* SDWebImage */,
			);
			productName = aroundEgyptUITests;
			productReference = EDFEC8482D4269E100031144 /* aroundEgyptUITests.xctest */;
			productType = "com.apple.product-type.bundle.ui-testing";
		};
/* End PBXNativeTarget section */

/* Begin PBXProject section */
		EDFEC8212D4269DD00031144 /* Project object */ = {
			isa = PBXProject;
			attributes = {
				BuildIndependentTargetsInParallel = 1;
				LastSwiftUpdateCheck = 1620;
				LastUpgradeCheck = 1620;
				TargetAttributes = {
					EDFEC8282D4269DD00031144 = {
						CreatedOnToolsVersion = 16.2;
					};
					EDFEC83D2D4269E100031144 = {
						CreatedOnToolsVersion = 16.2;
						LastSwiftMigration = 1620;
						TestTargetID = EDFEC8282D4269DD00031144;
					};
					EDFEC8472D4269E100031144 = {
						CreatedOnToolsVersion = 16.2;
						TestTargetID = EDFEC8282D4269DD00031144;
					};
				};
			};
			buildConfigurationList = EDFEC8242D4269DD00031144 /* Build configuration list for PBXProject "aroundEgypt" */;
			developmentRegion = en;
			hasScannedForEncodings = 0;
			knownRegions = (
				en,
				Base,
			);
			mainGroup = EDFEC8202D4269DD00031144;
			minimizedProjectReferenceProxies = 1;
			packageReferences = (
				ED1F0D6C2D45108E00EB3F48 /* XCRemoteSwiftPackageReference "SDWebImageSwiftUI" */,
				ED1F0DDE2D4511BF00EB3F48 /* XCRemoteSwiftPackageReference "ViewInspector" */,
				ED1F0DDF2D451CD200EB3F48 /* XCRemoteSwiftPackageReference "SDWebImage" */,
			);
			preferredProjectObjectVersion = 77;
			productRefGroup = EDFEC82A2D4269DD00031144 /* Products */;
			projectDirPath = "";
			projectRoot = "";
			targets = (
				EDFEC8282D4269DD00031144 /* aroundEgypt */,
				EDFEC83D2D4269E100031144 /* aroundEgyptTests */,
				EDFEC8472D4269E100031144 /* aroundEgyptUITests */,
			);
		};
/* End PBXProject section */

/* Begin PBXResourcesBuildPhase section */
		EDFEC8272D4269DD00031144 /* Resources */ = {
			isa = PBXResourcesBuildPhase;
			buildActionMask = 2147483647;
			files = (
			);
			runOnlyForDeploymentPostprocessing = 0;
		};
		EDFEC83C2D4269E100031144 /* Resources */ = {
			isa = PBXResourcesBuildPhase;
			buildActionMask = 2147483647;
			files = (
			);
			runOnlyForDeploymentPostprocessing = 0;
		};
		EDFEC8462D4269E100031144 /* Resources */ = {
			isa = PBXResourcesBuildPhase;
			buildActionMask = 2147483647;
			files = (
			);
			runOnlyForDeploymentPostprocessing = 0;
		};
/* End PBXResourcesBuildPhase section */

/* Begin PBXSourcesBuildPhase section */
		EDFEC8252D4269DD00031144 /* Sources */ = {
			isa = PBXSourcesBuildPhase;
			buildActionMask = 2147483647;
			files = (
			);
			runOnlyForDeploymentPostprocessing = 0;
		};
		EDFEC83A2D4269E100031144 /* Sources */ = {
			isa = PBXSourcesBuildPhase;
			buildActionMask = 2147483647;
			files = (
			);
			runOnlyForDeploymentPostprocessing = 0;
		};
		EDFEC8442D4269E100031144 /* Sources */ = {
			isa = PBXSourcesBuildPhase;
			buildActionMask = 2147483647;
			files = (
			);
			runOnlyForDeploymentPostprocessing = 0;
		};
/* End PBXSourcesBuildPhase section */

/* Begin PBXTargetDependency section */
		EDFEC8402D4269E100031144 /* PBXTargetDependency */ = {
			isa = PBXTargetDependency;
			target = EDFEC8282D4269DD00031144 /* aroundEgypt */;
			targetProxy = EDFEC83F2D4269E100031144 /* PBXContainerItemProxy */;
		};
		EDFEC84A2D4269E100031144 /* PBXTargetDependency */ = {
			isa = PBXTargetDependency;
			target = EDFEC8282D4269DD00031144 /* aroundEgypt */;
			targetProxy = EDFEC8492D4269E100031144 /* PBXContainerItemProxy */;
		};
/* End PBXTargetDependency section */

/* Begin XCBuildConfiguration section */
		EDFEC8502D4269E100031144 /* Debug */ = {
			isa = XCBuildConfiguration;
			buildSettings = {
				ALWAYS_SEARCH_USER_PATHS = NO;
				ASSETCATALOG_COMPILER_GENERATE_SWIFT_ASSET_SYMBOL_EXTENSIONS = YES;
				CLANG_ANALYZER_NONNULL = YES;
				CLANG_ANALYZER_NUMBER_OBJECT_CONVERSION = YES_AGGRESSIVE;
				CLANG_CXX_LANGUAGE_STANDARD = "gnu++20";
				CLANG_ENABLE_MODULES = YES;
				CLANG_ENABLE_OBJC_ARC = YES;
				CLANG_ENABLE_OBJC_WEAK = YES;
				CLANG_WARN_BLOCK_CAPTURE_AUTORELEASING = YES;
				CLANG_WARN_BOOL_CONVERSION = YES;
				CLANG_WARN_COMMA = YES;
				CLANG_WARN_CONSTANT_CONVERSION = YES;
				CLANG_WARN_DEPRECATED_OBJC_IMPLEMENTATIONS = YES;
				CLANG_WARN_DIRECT_OBJC_ISA_USAGE = YES_ERROR;
				CLANG_WARN_DOCUMENTATION_COMMENTS = YES;
				CLANG_WARN_EMPTY_BODY = YES;
				CLANG_WARN_ENUM_CONVERSION = YES;
				CLANG_WARN_INFINITE_RECURSION = YES;
				CLANG_WARN_INT_CONVERSION = YES;
				CLANG_WARN_NON_LITERAL_NULL_CONVERSION = YES;
				CLANG_WARN_OBJC_IMPLICIT_RETAIN_SELF = YES;
				CLANG_WARN_OBJC_LITERAL_CONVERSION = YES;
				CLANG_WARN_OBJC_ROOT_CLASS = YES_ERROR;
				CLANG_WARN_QUOTED_INCLUDE_IN_FRAMEWORK_HEADER = YES;
				CLANG_WARN_RANGE_LOOP_ANALYSIS = YES;
				CLANG_WARN_STRICT_PROTOTYPES = YES;
				CLANG_WARN_SUSPICIOUS_MOVE = YES;
				CLANG_WARN_UNGUARDED_AVAILABILITY = YES_AGGRESSIVE;
				CLANG_WARN_UNREACHABLE_CODE = YES;
				CLANG_WARN__DUPLICATE_METHOD_MATCH = YES;
				COPY_PHASE_STRIP = NO;
				DEBUG_INFORMATION_FORMAT = dwarf;
				ENABLE_STRICT_OBJC_MSGSEND = YES;
				ENABLE_TESTABILITY = YES;
				ENABLE_USER_SCRIPT_SANDBOXING = YES;
				GCC_C_LANGUAGE_STANDARD = gnu17;
				GCC_DYNAMIC_NO_PIC = NO;
				GCC_NO_COMMON_BLOCKS = YES;
				GCC_OPTIMIZATION_LEVEL = 0;
				GCC_PREPROCESSOR_DEFINITIONS = (
					"DEBUG=1",
					"$(inherited)",
				);
				GCC_WARN_64_TO_32_BIT_CONVERSION = YES;
				GCC_WARN_ABOUT_RETURN_TYPE = YES_ERROR;
				GCC_WARN_UNDECLARED_SELECTOR = YES;
				GCC_WARN_UNINITIALIZED_AUTOS = YES_AGGRESSIVE;
				GCC_WARN_UNUSED_FUNCTION = YES;
				GCC_WARN_UNUSED_VARIABLE = YES;
				IPHONEOS_DEPLOYMENT_TARGET = 18.2;
				LOCALIZATION_PREFERS_STRING_CATALOGS = YES;
				MTL_ENABLE_DEBUG_INFO = INCLUDE_SOURCE;
				MTL_FAST_MATH = YES;
				ONLY_ACTIVE_ARCH = YES;
				SDKROOT = iphoneos;
				SWIFT_ACTIVE_COMPILATION_CONDITIONS = "DEBUG $(inherited)";
				SWIFT_OPTIMIZATION_LEVEL = "-Onone";
			};
			name = Debug;
		};
		EDFEC8512D4269E100031144 /* Release */ = {
			isa = XCBuildConfiguration;
			buildSettings = {
				ALWAYS_SEARCH_USER_PATHS = NO;
				ASSETCATALOG_COMPILER_GENERATE_SWIFT_ASSET_SYMBOL_EXTENSIONS = YES;
				CLANG_ANALYZER_NONNULL = YES;
				CLANG_ANALYZER_NUMBER_OBJECT_CONVERSION = YES_AGGRESSIVE;
				CLANG_CXX_LANGUAGE_STANDARD = "gnu++20";
				CLANG_ENABLE_MODULES = YES;
				CLANG_ENABLE_OBJC_ARC = YES;
				CLANG_ENABLE_OBJC_WEAK = YES;
				CLANG_WARN_BLOCK_CAPTURE_AUTORELEASING = YES;
				CLANG_WARN_BOOL_CONVERSION = YES;
				CLANG_WARN_COMMA = YES;
				CLANG_WARN_CONSTANT_CONVERSION = YES;
				CLANG_WARN_DEPRECATED_OBJC_IMPLEMENTATIONS = YES;
				CLANG_WARN_DIRECT_OBJC_ISA_USAGE = YES_ERROR;
				CLANG_WARN_DOCUMENTATION_COMMENTS = YES;
				CLANG_WARN_EMPTY_BODY = YES;
				CLANG_WARN_ENUM_CONVERSION = YES;
				CLANG_WARN_INFINITE_RECURSION = YES;
				CLANG_WARN_INT_CONVERSION = YES;
				CLANG_WARN_NON_LITERAL_NULL_CONVERSION = YES;
				CLANG_WARN_OBJC_IMPLICIT_RETAIN_SELF = YES;
				CLANG_WARN_OBJC_LITERAL_CONVERSION = YES;
				CLANG_WARN_OBJC_ROOT_CLASS = YES_ERROR;
				CLANG_WARN_QUOTED_INCLUDE_IN_FRAMEWORK_HEADER = YES;
				CLANG_WARN_RANGE_LOOP_ANALYSIS = YES;
				CLANG_WARN_STRICT_PROTOTYPES = YES;
				CLANG_WARN_SUSPICIOUS_MOVE = YES;
				CLANG_WARN_UNGUARDED_AVAILABILITY = YES_AGGRESSIVE;
				CLANG_WARN_UNREACHABLE_CODE = YES;
				CLANG_WARN__DUPLICATE_METHOD_MATCH = YES;
				COPY_PHASE_STRIP = NO;
				DEBUG_INFORMATION_FORMAT = "dwarf-with-dsym";
				ENABLE_NS_ASSERTIONS = NO;
				ENABLE_STRICT_OBJC_MSGSEND = YES;
				ENABLE_USER_SCRIPT_SANDBOXING = YES;
				GCC_C_LANGUAGE_STANDARD = gnu17;
				GCC_NO_COMMON_BLOCKS = YES;
				GCC_WARN_64_TO_32_BIT_CONVERSION = YES;
				GCC_WARN_ABOUT_RETURN_TYPE = YES_ERROR;
				GCC_WARN_UNDECLARED_SELECTOR = YES;
				GCC_WARN_UNINITIALIZED_AUTOS = YES_AGGRESSIVE;
				GCC_WARN_UNUSED_FUNCTION = YES;
				GCC_WARN_UNUSED_VARIABLE = YES;
				IPHONEOS_DEPLOYMENT_TARGET = 18.2;
				LOCALIZATION_PREFERS_STRING_CATALOGS = YES;
				MTL_ENABLE_DEBUG_INFO = NO;
				MTL_FAST_MATH = YES;
				SDKROOT = iphoneos;
				SWIFT_COMPILATION_MODE = wholemodule;
				VALIDATE_PRODUCT = YES;
			};
			name = Release;
		};
		EDFEC8532D4269E100031144 /* Debug */ = {
			isa = XCBuildConfiguration;
			buildSettings = {
				ASSETCATALOG_COMPILER_APPICON_NAME = AppIcon;
				ASSETCATALOG_COMPILER_GLOBAL_ACCENT_COLOR_NAME = AccentColor;
				CODE_SIGN_STYLE = Automatic;
				CURRENT_PROJECT_VERSION = 1;
				DEVELOPMENT_ASSET_PATHS = "\"aroundEgypt/Preview Content\"";
				ENABLE_PREVIEWS = YES;
				GENERATE_INFOPLIST_FILE = YES;
				INFOPLIST_FILE = aroundEgypt/Info.plist;
				INFOPLIST_KEY_NSPhotoLibraryAddUsageDescription = "We need access to your photo library to save images from the app.";
				INFOPLIST_KEY_UIApplicationSceneManifest_Generation = YES;
				INFOPLIST_KEY_UIApplicationSupportsIndirectInputEvents = YES;
				INFOPLIST_KEY_UILaunchScreen_Generation = YES;
				INFOPLIST_KEY_UISupportedInterfaceOrientations_iPad = "UIInterfaceOrientationPortrait UIInterfaceOrientationPortraitUpsideDown UIInterfaceOrientationLandscapeLeft UIInterfaceOrientationLandscapeRight";
				INFOPLIST_KEY_UISupportedInterfaceOrientations_iPhone = "UIInterfaceOrientationPortrait UIInterfaceOrientationLandscapeLeft UIInterfaceOrientationLandscapeRight";
				IPHONEOS_DEPLOYMENT_TARGET = 16.6;
				LD_RUNPATH_SEARCH_PATHS = (
					"$(inherited)",
					"@executable_path/Frameworks",
				);
				MARKETING_VERSION = 1.0;
				PRODUCT_BUNDLE_IDENTIFIER = com.iOSTest.aroundEgypt;
				PRODUCT_NAME = "$(TARGET_NAME)";
				SWIFT_EMIT_LOC_STRINGS = YES;
				SWIFT_VERSION = 5.0;
				TARGETED_DEVICE_FAMILY = "1,2";
			};
			name = Debug;
		};
		EDFEC8542D4269E100031144 /* Release */ = {
			isa = XCBuildConfiguration;
			buildSettings = {
				ASSETCATALOG_COMPILER_APPICON_NAME = AppIcon;
				ASSETCATALOG_COMPILER_GLOBAL_ACCENT_COLOR_NAME = AccentColor;
				CODE_SIGN_STYLE = Automatic;
				CURRENT_PROJECT_VERSION = 1;
				DEVELOPMENT_ASSET_PATHS = "\"aroundEgypt/Preview Content\"";
				ENABLE_PREVIEWS = YES;
				GENERATE_INFOPLIST_FILE = YES;
				INFOPLIST_FILE = aroundEgypt/Info.plist;
				INFOPLIST_KEY_NSPhotoLibraryAddUsageDescription = "We need access to your photo library to save images from the app.";
				INFOPLIST_KEY_UIApplicationSceneManifest_Generation = YES;
				INFOPLIST_KEY_UIApplicationSupportsIndirectInputEvents = YES;
				INFOPLIST_KEY_UILaunchScreen_Generation = YES;
				INFOPLIST_KEY_UISupportedInterfaceOrientations_iPad = "UIInterfaceOrientationPortrait UIInterfaceOrientationPortraitUpsideDown UIInterfaceOrientationLandscapeLeft UIInterfaceOrientationLandscapeRight";
				INFOPLIST_KEY_UISupportedInterfaceOrientations_iPhone = "UIInterfaceOrientationPortrait UIInterfaceOrientationLandscapeLeft UIInterfaceOrientationLandscapeRight";
				IPHONEOS_DEPLOYMENT_TARGET = 16.6;
				LD_RUNPATH_SEARCH_PATHS = (
					"$(inherited)",
					"@executable_path/Frameworks",
				);
				MARKETING_VERSION = 1.0;
				PRODUCT_BUNDLE_IDENTIFIER = com.iOSTest.aroundEgypt;
				PRODUCT_NAME = "$(TARGET_NAME)";
				SWIFT_EMIT_LOC_STRINGS = YES;
				SWIFT_VERSION = 5.0;
				TARGETED_DEVICE_FAMILY = "1,2";
			};
			name = Release;
		};
		EDFEC8562D4269E100031144 /* Debug */ = {
			isa = XCBuildConfiguration;
			buildSettings = {
				BUNDLE_LOADER = "$(TEST_HOST)";
				CLANG_ENABLE_MODULES = YES;
				CODE_SIGN_STYLE = Automatic;
				CURRENT_PROJECT_VERSION = 1;
				GENERATE_INFOPLIST_FILE = YES;
				IPHONEOS_DEPLOYMENT_TARGET = 18.2;
				MARKETING_VERSION = 1.0;
				PRODUCT_BUNDLE_IDENTIFIER = com.iOSTest.aroundEgyptTests;
				PRODUCT_NAME = "$(TARGET_NAME)";
				SWIFT_EMIT_LOC_STRINGS = NO;
				SWIFT_OPTIMIZATION_LEVEL = "-Onone";
				SWIFT_VERSION = 5.0;
				TARGETED_DEVICE_FAMILY = "1,2";
				TEST_HOST = "$(BUILT_PRODUCTS_DIR)/aroundEgypt.app/$(BUNDLE_EXECUTABLE_FOLDER_PATH)/aroundEgypt";
			};
			name = Debug;
		};
		EDFEC8572D4269E100031144 /* Release */ = {
			isa = XCBuildConfiguration;
			buildSettings = {
				BUNDLE_LOADER = "$(TEST_HOST)";
				CLANG_ENABLE_MODULES = YES;
				CODE_SIGN_STYLE = Automatic;
				CURRENT_PROJECT_VERSION = 1;
				GENERATE_INFOPLIST_FILE = YES;
				IPHONEOS_DEPLOYMENT_TARGET = 18.2;
				MARKETING_VERSION = 1.0;
				PRODUCT_BUNDLE_IDENTIFIER = com.iOSTest.aroundEgyptTests;
				PRODUCT_NAME = "$(TARGET_NAME)";
				SWIFT_EMIT_LOC_STRINGS = NO;
				SWIFT_VERSION = 5.0;
				TARGETED_DEVICE_FAMILY = "1,2";
				TEST_HOST = "$(BUILT_PRODUCTS_DIR)/aroundEgypt.app/$(BUNDLE_EXECUTABLE_FOLDER_PATH)/aroundEgypt";
			};
			name = Release;
		};
		EDFEC8592D4269E100031144 /* Debug */ = {
			isa = XCBuildConfiguration;
			buildSettings = {
				CODE_SIGN_STYLE = Automatic;
				CURRENT_PROJECT_VERSION = 1;
				GENERATE_INFOPLIST_FILE = YES;
				MARKETING_VERSION = 1.0;
				PRODUCT_BUNDLE_IDENTIFIER = com.iOSTest.aroundEgyptUITests;
				PRODUCT_NAME = "$(TARGET_NAME)";
				SWIFT_EMIT_LOC_STRINGS = NO;
				SWIFT_VERSION = 5.0;
				TARGETED_DEVICE_FAMILY = "1,2";
				TEST_TARGET_NAME = aroundEgypt;
			};
			name = Debug;
		};
		EDFEC85A2D4269E100031144 /* Release */ = {
			isa = XCBuildConfiguration;
			buildSettings = {
				CODE_SIGN_STYLE = Automatic;
				CURRENT_PROJECT_VERSION = 1;
				GENERATE_INFOPLIST_FILE = YES;
				MARKETING_VERSION = 1.0;
				PRODUCT_BUNDLE_IDENTIFIER = com.iOSTest.aroundEgyptUITests;
				PRODUCT_NAME = "$(TARGET_NAME)";
				SWIFT_EMIT_LOC_STRINGS = NO;
				SWIFT_VERSION = 5.0;
				TARGETED_DEVICE_FAMILY = "1,2";
				TEST_TARGET_NAME = aroundEgypt;
			};
			name = Release;
		};
/* End XCBuildConfiguration section */

/* Begin XCConfigurationList section */
		EDFEC8242D4269DD00031144 /* Build configuration list for PBXProject "aroundEgypt" */ = {
			isa = XCConfigurationList;
			buildConfigurations = (
				EDFEC8502D4269E100031144 /* Debug */,
				EDFEC8512D4269E100031144 /* Release */,
			);
			defaultConfigurationIsVisible = 0;
			defaultConfigurationName = Release;
		};
		EDFEC8522D4269E100031144 /* Build configuration list for PBXNativeTarget "aroundEgypt" */ = {
			isa = XCConfigurationList;
			buildConfigurations = (
				EDFEC8532D4269E100031144 /* Debug */,
				EDFEC8542D4269E100031144 /* Release */,
			);
			defaultConfigurationIsVisible = 0;
			defaultConfigurationName = Release;
		};
		EDFEC8552D4269E100031144 /* Build configuration list for PBXNativeTarget "aroundEgyptTests" */ = {
			isa = XCConfigurationList;
			buildConfigurations = (
				EDFEC8562D4269E100031144 /* Debug */,
				EDFEC8572D4269E100031144 /* Release */,
			);
			defaultConfigurationIsVisible = 0;
			defaultConfigurationName = Release;
		};
		EDFEC8582D4269E100031144 /* Build configuration list for PBXNativeTarget "aroundEgyptUITests" */ = {
			isa = XCConfigurationList;
			buildConfigurations = (
				EDFEC8592D4269E100031144 /* Debug */,
				EDFEC85A2D4269E100031144 /* Release */,
			);
			defaultConfigurationIsVisible = 0;
			defaultConfigurationName = Release;
		};
/* End XCConfigurationList section */

/* Begin XCRemoteSwiftPackageReference section */
		ED1F0D6C2D45108E00EB3F48 /* XCRemoteSwiftPackageReference "SDWebImageSwiftUI" */ = {
			isa = XCRemoteSwiftPackageReference;
			repositoryURL = "https://github.com/SDWebImage/SDWebImageSwiftUI";
			requirement = {
				kind = upToNextMajorVersion;
				minimumVersion = 3.1.3;
			};
		};
		ED1F0DDE2D4511BF00EB3F48 /* XCRemoteSwiftPackageReference "ViewInspector" */ = {
			isa = XCRemoteSwiftPackageReference;
			repositoryURL = "https://github.com/nalexn/ViewInspector";
			requirement = {
				kind = upToNextMajorVersion;
				minimumVersion = 0.10.1;
			};
		};
		ED1F0DDF2D451CD200EB3F48 /* XCRemoteSwiftPackageReference "SDWebImage" */ = {
			isa = XCRemoteSwiftPackageReference;
			repositoryURL = "https://github.com/SDWebImage/SDWebImage";
			requirement = {
				kind = upToNextMajorVersion;
				minimumVersion = 5.20.0;
			};
		};
/* End XCRemoteSwiftPackageReference section */

/* Begin XCSwiftPackageProductDependency section */
		ED1F0D6D2D45108E00EB3F48 /* SDWebImageSwiftUI */ = {
			isa = XCSwiftPackageProductDependency;
			package = ED1F0D6C2D45108E00EB3F48 /* XCRemoteSwiftPackageReference "SDWebImageSwiftUI" */;
			productName = SDWebImageSwiftUI;
		};
		ED1F0DE12D451D1B00EB3F48 /* SDWebImage */ = {
			isa = XCSwiftPackageProductDependency;
			package = ED1F0DDF2D451CD200EB3F48 /* XCRemoteSwiftPackageReference "SDWebImage" */;
			productName = SDWebImage;
		};
		ED1F0E4D2D451E4000EB3F48 /* ViewInspector */ = {
			isa = XCSwiftPackageProductDependency;
			package = ED1F0DDE2D4511BF00EB3F48 /* XCRemoteSwiftPackageReference "ViewInspector" */;
			productName = ViewInspector;
		};
/* End XCSwiftPackageProductDependency section */
	};
	rootObject = EDFEC8212D4269DD00031144 /* Project object */;
}
